<?xml version="1.0" encoding="utf-8"?>
<Project ToolsVersion="4.0" xmlns="http://schemas.microsoft.com/developer/msbuild/2003">
  <ItemGroup>
    <Filter Include="소스 파일">
      <UniqueIdentifier>{4FC737F1-C7A5-4376-A066-2A32D752A2FF}</UniqueIdentifier>
      <Extensions>cpp;c;cc;cxx;c++;cppm;ixx;def;odl;idl;hpj;bat;asm;asmx</Extensions>
    </Filter>
    <Filter Include="헤더 파일">
      <UniqueIdentifier>{93995380-89BD-4b04-88EB-625FBE52EBFB}</UniqueIdentifier>
      <Extensions>h;hh;hpp;hxx;h++;hm;inl;inc;ipp;xsd</Extensions>
    </Filter>
    <Filter Include="리소스 파일">
      <UniqueIdentifier>{67DA6AB6-F800-4c08-8B7A-83BB121AAD01}</UniqueIdentifier>
      <Extensions>rc;ico;cur;bmp;dlg;rc2;rct;bin;rgs;gif;jpg;jpeg;jpe;resx;tiff;tif;png;wav;mfcribbon-ms</Extensions>
    </Filter>
    <Filter Include="소스 파일\연결리스트">
      <UniqueIdentifier>{b9a0db82-d821-4fd7-bc65-d6bd3abe0716}</UniqueIdentifier>
    </Filter>
    <Filter Include="소스 파일\백트래킹">
      <UniqueIdentifier>{2a337cb0-d4ec-4f0d-b627-1c238d8fe77b}</UniqueIdentifier>
    </Filter>
    <Filter Include="소스 파일\초반부">
      <UniqueIdentifier>{7e1e97e0-750f-4b82-8d5a-c5a177245b36}</UniqueIdentifier>
    </Filter>
    <Filter Include="소스 파일\BFS">
      <UniqueIdentifier>{52b81437-de36-4179-b3a8-71b0bcd89f7a}</UniqueIdentifier>
    </Filter>
    <Filter Include="소스 파일\정렬">
      <UniqueIdentifier>{2c89c96b-1f6e-42f1-a8ee-7210231abf78}</UniqueIdentifier>
    </Filter>
    <Filter Include="소스 파일\재귀">
      <UniqueIdentifier>{e36bf188-714d-4bbb-a0f5-91e6e331d337}</UniqueIdentifier>
    </Filter>
  </ItemGroup>
  <ItemGroup>
    <ClCompile Include="15683감시.cpp">
      <Filter>소스 파일</Filter>
    </ClCompile>
    <ClCompile Include="15683감시_2.cpp">
      <Filter>소스 파일</Filter>
    </ClCompile>
    <ClCompile Include="1406에디터.cpp">
      <Filter>소스 파일\연결리스트</Filter>
    </ClCompile>
    <ClCompile Include="15649N과M.cpp">
      <Filter>소스 파일\백트래킹</Filter>
    </ClCompile>
    <ClCompile Include="15649_2.cpp">
      <Filter>소스 파일\백트래킹</Filter>
    </ClCompile>
    <ClCompile Include="15650N과M2.cpp">
      <Filter>소스 파일\백트래킹</Filter>
    </ClCompile>
    <ClCompile Include="15650N과M2_2.cpp">
      <Filter>소스 파일\백트래킹</Filter>
    </ClCompile>
    <ClCompile Include="Strfry.cpp">
      <Filter>소스 파일\초반부</Filter>
    </ClCompile>
    <ClCompile Include="개수 세기.cpp">
      <Filter>소스 파일\초반부</Filter>
    </ClCompile>
    <ClCompile Include="두 수의 합.cpp">
      <Filter>소스 파일\초반부</Filter>
    </ClCompile>
    <ClCompile Include="방 배정.cpp">
      <Filter>소스 파일\초반부</Filter>
    </ClCompile>
    <ClCompile Include="방번호.cpp">
      <Filter>소스 파일\초반부</Filter>
    </ClCompile>
    <ClCompile Include="샘플.cpp">
      <Filter>소스 파일\초반부</Filter>
    </ClCompile>
    <ClCompile Include="숫자의 개수.cpp">
      <Filter>소스 파일\초반부</Filter>
    </ClCompile>
    <ClCompile Include="5427Fire.cpp">
      <Filter>소스 파일\BFS</Filter>
    </ClCompile>
    <ClCompile Include="15651N과M3.cpp">
      <Filter>소스 파일\백트래킹</Filter>
    </ClCompile>
    <ClCompile Include="6593.cpp">
      <Filter>소스 파일\BFS</Filter>
    </ClCompile>
    <ClCompile Include="6593_2.cpp">
      <Filter>소스 파일\BFS</Filter>
    </ClCompile>
    <ClCompile Include="6593_3.cpp">
      <Filter>소스 파일\BFS</Filter>
    </ClCompile>
    <ClCompile Include="2206.cpp">
      <Filter>소스 파일\BFS</Filter>
    </ClCompile>
    <ClCompile Include="2206_2.cpp">
      <Filter>소스 파일\BFS</Filter>
    </ClCompile>
    <ClCompile Include="15663.cpp">
      <Filter>소스 파일\백트래킹</Filter>
    </ClCompile>
    <ClCompile Include="11931.cpp">
      <Filter>소스 파일\정렬</Filter>
    </ClCompile>
    <ClCompile Include="9466.cpp">
      <Filter>소스 파일\BFS</Filter>
    </ClCompile>
    <ClCompile Include="9466_2.cpp">
      <Filter>소스 파일\BFS</Filter>
    </ClCompile>
    <ClCompile Include="11728.cpp">
      <Filter>소스 파일\정렬</Filter>
    </ClCompile>
    <ClCompile Include="11728_2.cpp">
      <Filter>소스 파일\정렬</Filter>
    </ClCompile>
    <ClCompile Include="2573.cpp">
      <Filter>소스 파일\BFS</Filter>
    </ClCompile>
    <ClCompile Include="14442.cpp">
      <Filter>소스 파일\BFS</Filter>
    </ClCompile>
    <ClCompile Include="1780.cpp">
      <Filter>소스 파일\재귀</Filter>
    </ClCompile>
  </ItemGroup>
</Project>