<?xml version="1.0" encoding="utf-8"?>
<Project ToolsVersion="4.0" xmlns="http://schemas.microsoft.com/developer/msbuild/2003">
  <ItemGroup>
    <Filter Include="소스 파일">
      <UniqueIdentifier>{4FC737F1-C7A5-4376-A066-2A32D752A2FF}</UniqueIdentifier>
      <Extensions>cpp;c;cc;cxx;c++;cppm;ixx;def;odl;idl;hpj;bat;asm;asmx</Extensions>
    </Filter>
    <Filter Include="헤더 파일">
      <UniqueIdentifier>{93995380-89BD-4b04-88EB-625FBE52EBFB}</UniqueIdentifier>
      <Extensions>h;hh;hpp;hxx;h++;hm;inl;inc;ipp;xsd</Extensions>
    </Filter>
    <Filter Include="리소스 파일">
      <UniqueIdentifier>{67DA6AB6-F800-4c08-8B7A-83BB121AAD01}</UniqueIdentifier>
      <Extensions>rc;ico;cur;bmp;dlg;rc2;rct;bin;rgs;gif;jpg;jpeg;jpe;resx;tiff;tif;png;wav;mfcribbon-ms</Extensions>
    </Filter>
    <Filter Include="소스 파일\0105%281일차%29">
      <UniqueIdentifier>{9013b689-0b7d-45e9-9f95-10178bb58276}</UniqueIdentifier>
    </Filter>
    <Filter Include="소스 파일\0106%282일차%29">
      <UniqueIdentifier>{fbf3977e-5c8f-47b4-afe6-6330b80060bd}</UniqueIdentifier>
    </Filter>
    <Filter Include="소스 파일\테스트">
      <UniqueIdentifier>{b1b1343d-a574-4b69-bb9e-55aa9a3db37e}</UniqueIdentifier>
    </Filter>
    <Filter Include="소스 파일\0109%283일차%29">
      <UniqueIdentifier>{3f9fd342-3dbb-42a6-b6ee-0191698cea90}</UniqueIdentifier>
    </Filter>
    <Filter Include="소스 파일\0111%284일차%29">
      <UniqueIdentifier>{a6799cf5-29aa-4fe4-b3c4-08fb83908e89}</UniqueIdentifier>
    </Filter>
    <Filter Include="소스 파일\0113%285일차%29">
      <UniqueIdentifier>{188936c0-21e6-45f0-a3d8-cc5cb21de836}</UniqueIdentifier>
    </Filter>
    <Filter Include="소스 파일\0116%286일차%29">
      <UniqueIdentifier>{5541dd52-5887-42a3-a71c-5b315d50b804}</UniqueIdentifier>
    </Filter>
    <Filter Include="소스 파일\0118%287일차%29">
      <UniqueIdentifier>{cfbe1a3a-a414-4b64-9868-90c9265b81af}</UniqueIdentifier>
    </Filter>
    <Filter Include="소스 파일\0120%288일차%29">
      <UniqueIdentifier>{4a1fbdb7-308d-4731-bea7-6c2ad31196cb}</UniqueIdentifier>
    </Filter>
    <Filter Include="소스 파일\0125%289일차%29">
      <UniqueIdentifier>{a13a6de9-fd19-435c-aee5-863b80f06681}</UniqueIdentifier>
    </Filter>
    <Filter Include="소스 파일\예습%281~9일차%29">
      <UniqueIdentifier>{dc7b3b62-0f3e-4a02-9839-8256c27bd32e}</UniqueIdentifier>
    </Filter>
    <Filter Include="소스 파일\주간복습용">
      <UniqueIdentifier>{f0b1e0e3-0824-4d95-aa54-4fc7d7e17ba0}</UniqueIdentifier>
    </Filter>
    <Filter Include="소스 파일\0203%2811일차%29">
      <UniqueIdentifier>{8eb89252-b9cf-4555-9448-9d558f3f9222}</UniqueIdentifier>
    </Filter>
    <Filter Include="소스 파일\0202%2810일차%29">
      <UniqueIdentifier>{90ae7cff-abba-435f-8043-eea7805ff5b7}</UniqueIdentifier>
    </Filter>
    <Filter Include="소스 파일\0206%2812일차%29">
      <UniqueIdentifier>{be3fe42a-f5c5-4420-a609-b7ec05428db6}</UniqueIdentifier>
    </Filter>
    <Filter Include="소스 파일\0208%2813일차%29">
      <UniqueIdentifier>{5d10a038-4929-4fa7-8d31-773a745a64d4}</UniqueIdentifier>
    </Filter>
    <Filter Include="소스 파일\0210%2814일차%29">
      <UniqueIdentifier>{e7007d6d-bfb2-4e5b-be05-0920db09bfc5}</UniqueIdentifier>
    </Filter>
    <Filter Include="소스 파일\0213%2815일차%29">
      <UniqueIdentifier>{59d124dc-5ce6-421a-9027-0a9776294e65}</UniqueIdentifier>
    </Filter>
    <Filter Include="소스 파일\복습%281~9일차%29">
      <UniqueIdentifier>{32648d40-57eb-4fff-be11-ec5de53b8357}</UniqueIdentifier>
    </Filter>
    <Filter Include="소스 파일\복습%2810~15일차%29">
      <UniqueIdentifier>{107fff2f-c353-424b-9bb5-30392a84c7e7}</UniqueIdentifier>
    </Filter>
    <Filter Include="소스 파일\예습2%2810~15일차%29">
      <UniqueIdentifier>{4979dc3e-a57d-4d2e-8c62-fa948228b3cf}</UniqueIdentifier>
    </Filter>
  </ItemGroup>
  <ItemGroup>
    <ClCompile Include="day1_1.cpp">
      <Filter>소스 파일\0105%281일차%29</Filter>
    </ClCompile>
    <ClCompile Include="day1_2.cpp">
      <Filter>소스 파일\0105%281일차%29</Filter>
    </ClCompile>
    <ClCompile Include="day2_1.cpp">
      <Filter>소스 파일\0106%282일차%29</Filter>
    </ClCompile>
    <ClCompile Include="샘플.cpp">
      <Filter>소스 파일</Filter>
    </ClCompile>
    <ClCompile Include="day2_2.cpp">
      <Filter>소스 파일\0106%282일차%29</Filter>
    </ClCompile>
    <ClCompile Include="day2_3.cpp">
      <Filter>소스 파일\0106%282일차%29</Filter>
    </ClCompile>
    <ClCompile Include="day3_1.cpp">
      <Filter>소스 파일\0109%283일차%29</Filter>
    </ClCompile>
    <ClCompile Include="분수를소수로.cpp">
      <Filter>소스 파일\0109%283일차%29</Filter>
    </ClCompile>
    <ClCompile Include="gcdLcm.cpp">
      <Filter>소스 파일\0109%283일차%29</Filter>
    </ClCompile>
    <ClCompile Include="day3_2.cpp">
      <Filter>소스 파일\0109%283일차%29</Filter>
    </ClCompile>
    <ClCompile Include="day3_3.cpp">
      <Filter>소스 파일\0109%283일차%29</Filter>
    </ClCompile>
    <ClCompile Include="3일차복습.cpp">
      <Filter>소스 파일\복습%281~9일차%29</Filter>
    </ClCompile>
    <ClCompile Include="1일차.cpp">
      <Filter>소스 파일\예습%281~9일차%29</Filter>
    </ClCompile>
    <ClCompile Include="day4_1.cpp">
      <Filter>소스 파일\0111%284일차%29</Filter>
    </ClCompile>
    <ClCompile Include="2,3일차.cpp">
      <Filter>소스 파일\예습%281~9일차%29</Filter>
    </ClCompile>
    <ClCompile Include="day4_2.cpp">
      <Filter>소스 파일\0111%284일차%29</Filter>
    </ClCompile>
    <ClCompile Include="day4_3.cpp">
      <Filter>소스 파일\0111%284일차%29</Filter>
    </ClCompile>
    <ClCompile Include="4일차복습.cpp">
      <Filter>소스 파일\복습%281~9일차%29</Filter>
    </ClCompile>
    <ClCompile Include="4일차.cpp">
      <Filter>소스 파일\예습%281~9일차%29</Filter>
    </ClCompile>
    <ClCompile Include="day5_1.cpp">
      <Filter>소스 파일\0113%285일차%29</Filter>
    </ClCompile>
    <ClCompile Include="day5_2.cpp">
      <Filter>소스 파일\0113%285일차%29</Filter>
    </ClCompile>
    <ClCompile Include="day5_3.cpp">
      <Filter>소스 파일\0113%285일차%29</Filter>
    </ClCompile>
    <ClCompile Include="5일차복습.cpp">
      <Filter>소스 파일\복습%281~9일차%29</Filter>
    </ClCompile>
    <ClCompile Include="5일차.cpp">
      <Filter>소스 파일\예습%281~9일차%29</Filter>
    </ClCompile>
    <ClCompile Include="5일차_2.cpp">
      <Filter>소스 파일\예습%281~9일차%29</Filter>
    </ClCompile>
    <ClCompile Include="day6_1.cpp">
      <Filter>소스 파일\0116%286일차%29</Filter>
    </ClCompile>
    <ClCompile Include="day6_2.cpp">
      <Filter>소스 파일\0116%286일차%29</Filter>
    </ClCompile>
    <ClCompile Include="day6_문제2.cpp">
      <Filter>소스 파일\0116%286일차%29</Filter>
    </ClCompile>
    <ClCompile Include="day6_문제3.cpp">
      <Filter>소스 파일\0116%286일차%29</Filter>
    </ClCompile>
    <ClCompile Include="day6_문제3_2.cpp">
      <Filter>소스 파일\0116%286일차%29</Filter>
    </ClCompile>
    <ClCompile Include="day6_문제4예제.cpp">
      <Filter>소스 파일\0116%286일차%29</Filter>
    </ClCompile>
    <ClCompile Include="day6_문제4.cpp">
      <Filter>소스 파일\0116%286일차%29</Filter>
    </ClCompile>
    <ClCompile Include="day6_문제5예제.cpp">
      <Filter>소스 파일\0116%286일차%29</Filter>
    </ClCompile>
    <ClCompile Include="day6_문제5.cpp">
      <Filter>소스 파일\0116%286일차%29</Filter>
    </ClCompile>
    <ClCompile Include="day6_연습문제_변위.cpp">
      <Filter>소스 파일\0116%286일차%29</Filter>
    </ClCompile>
    <ClCompile Include="6일차복습.cpp">
      <Filter>소스 파일\복습%281~9일차%29</Filter>
    </ClCompile>
    <ClCompile Include="6일차복습_2.cpp">
      <Filter>소스 파일\복습%281~9일차%29</Filter>
    </ClCompile>
    <ClCompile Include="6일차복습_3.cpp">
      <Filter>소스 파일\복습%281~9일차%29</Filter>
    </ClCompile>
    <ClCompile Include="5일차_3.cpp">
      <Filter>소스 파일\예습%281~9일차%29</Filter>
    </ClCompile>
    <ClCompile Include="6일차.cpp">
      <Filter>소스 파일\예습%281~9일차%29</Filter>
    </ClCompile>
    <ClCompile Include="day7_offset.cpp">
      <Filter>소스 파일\0118%287일차%29</Filter>
    </ClCompile>
    <ClCompile Include="day7_wrap.cpp">
      <Filter>소스 파일\0118%287일차%29</Filter>
    </ClCompile>
    <ClCompile Include="day7_3.cpp">
      <Filter>소스 파일\0118%287일차%29</Filter>
    </ClCompile>
    <ClCompile Include="day7_top.cpp">
      <Filter>소스 파일\0118%287일차%29</Filter>
    </ClCompile>
    <ClCompile Include="day7_ball.cpp">
      <Filter>소스 파일\0118%287일차%29</Filter>
    </ClCompile>
    <ClCompile Include="day7_magic.cpp">
      <Filter>소스 파일\0118%287일차%29</Filter>
    </ClCompile>
    <ClCompile Include="day7_bomb_game.cpp">
      <Filter>소스 파일\0118%287일차%29</Filter>
    </ClCompile>
    <ClCompile Include="day7_bingo.cpp">
      <Filter>소스 파일\0118%287일차%29</Filter>
    </ClCompile>
    <ClCompile Include="7일차복습.cpp">
      <Filter>소스 파일\복습%281~9일차%29</Filter>
    </ClCompile>
    <ClCompile Include="7일차.cpp">
      <Filter>소스 파일\예습%281~9일차%29</Filter>
    </ClCompile>
    <ClCompile Include="7일차_어망투망.cpp">
      <Filter>소스 파일\예습%281~9일차%29</Filter>
    </ClCompile>
    <ClCompile Include="7일차_spiral.cpp">
      <Filter>소스 파일\복습%281~9일차%29</Filter>
    </ClCompile>
    <ClCompile Include="day8_comma.cpp">
      <Filter>소스 파일\0120%288일차%29</Filter>
    </ClCompile>
    <ClCompile Include="day8_gift_giver.cpp">
      <Filter>소스 파일\0120%288일차%29</Filter>
    </ClCompile>
    <ClCompile Include="8일차복습.cpp">
      <Filter>소스 파일\복습%281~9일차%29</Filter>
    </ClCompile>
    <ClCompile Include="8일차_진수변환.cpp">
      <Filter>소스 파일\예습%281~9일차%29</Filter>
    </ClCompile>
    <ClCompile Include="8일차복습_2.cpp">
      <Filter>소스 파일\복습%281~9일차%29</Filter>
    </ClCompile>
    <ClCompile Include="8일차_비슷한단어.cpp">
      <Filter>소스 파일\예습%281~9일차%29</Filter>
    </ClCompile>
    <ClCompile Include="8일차_비밀편지.cpp">
      <Filter>소스 파일\예습%281~9일차%29</Filter>
    </ClCompile>
    <ClCompile Include="day9_1.cpp">
      <Filter>소스 파일\0125%289일차%29</Filter>
    </ClCompile>
    <ClCompile Include="day9_2.cpp">
      <Filter>소스 파일\0125%289일차%29</Filter>
    </ClCompile>
    <ClCompile Include="9일차복습.cpp">
      <Filter>소스 파일\복습%281~9일차%29</Filter>
    </ClCompile>
    <ClCompile Include="9일차_이중_회귀수.cpp">
      <Filter>소스 파일\예습%281~9일차%29</Filter>
    </ClCompile>
    <ClCompile Include="9일차_이진회귀수.cpp">
      <Filter>소스 파일\예습%281~9일차%29</Filter>
    </ClCompile>
    <ClCompile Include="9일차_소수회귀수.cpp">
      <Filter>소스 파일\예습%281~9일차%29</Filter>
    </ClCompile>
    <ClCompile Include="lock%28못품%29.cpp">
      <Filter>소스 파일\주간복습용</Filter>
    </ClCompile>
    <ClCompile Include="10일차_robot.cpp">
      <Filter>소스 파일\예습2%2810~15일차%29</Filter>
    </ClCompile>
    <ClCompile Include="sfn%28못품%29.cpp">
      <Filter>소스 파일\주간복습용</Filter>
    </ClCompile>
    <ClCompile Include="pr1.cpp">
      <Filter>소스 파일\주간복습용</Filter>
    </ClCompile>
    <ClCompile Include="day10_pat.cpp">
      <Filter>소스 파일\0202%2810일차%29</Filter>
    </ClCompile>
    <ClCompile Include="day10_athletic.cpp">
      <Filter>소스 파일\0202%2810일차%29</Filter>
    </ClCompile>
    <ClCompile Include="day10_1.cpp">
      <Filter>소스 파일\복습%2810~15일차%29</Filter>
    </ClCompile>
    <ClCompile Include="10일차_permu%28못품%29.cpp">
      <Filter>소스 파일\예습2%2810~15일차%29</Filter>
    </ClCompile>
    <ClCompile Include="10일차_secure.cpp">
      <Filter>소스 파일\예습2%2810~15일차%29</Filter>
    </ClCompile>
    <ClCompile Include="day11_9012.cpp">
      <Filter>소스 파일\0203%2811일차%29</Filter>
    </ClCompile>
    <ClCompile Include="day11_1918.cpp">
      <Filter>소스 파일\0203%2811일차%29</Filter>
    </ClCompile>
    <ClCompile Include="day11_rails.cpp">
      <Filter>소스 파일\0203%2811일차%29</Filter>
    </ClCompile>
    <ClCompile Include="day11_tw.cpp">
      <Filter>소스 파일\0203%2811일차%29</Filter>
    </ClCompile>
    <ClCompile Include="11일차_dish.cpp">
      <Filter>소스 파일\예습2%2810~15일차%29</Filter>
    </ClCompile>
    <ClCompile Include="11일차_paren.cpp">
      <Filter>소스 파일\예습2%2810~15일차%29</Filter>
    </ClCompile>
    <ClCompile Include="day11_1.cpp">
      <Filter>소스 파일\복습%2810~15일차%29</Filter>
    </ClCompile>
    <ClCompile Include="day12_insertion.cpp">
      <Filter>소스 파일\0206%2812일차%29</Filter>
    </ClCompile>
    <ClCompile Include="day12_notaskwhy.cpp">
      <Filter>소스 파일\0206%2812일차%29</Filter>
    </ClCompile>
    <ClCompile Include="day12_notaskwhy_2.cpp">
      <Filter>소스 파일\0206%2812일차%29</Filter>
    </ClCompile>
    <ClCompile Include="day12_1.cpp">
      <Filter>소스 파일\복습%2810~15일차%29</Filter>
    </ClCompile>
    <ClCompile Include="12일차_1.cpp">
      <Filter>소스 파일\예습2%2810~15일차%29</Filter>
    </ClCompile>
    <ClCompile Include="day12_shake.cpp">
      <Filter>소스 파일\복습%2810~15일차%29</Filter>
    </ClCompile>
    <ClCompile Include="12일차_omok.cpp">
      <Filter>소스 파일\예습2%2810~15일차%29</Filter>
    </ClCompile>
    <ClCompile Include="12일차_radix_sort.cpp">
      <Filter>소스 파일\예습2%2810~15일차%29</Filter>
    </ClCompile>
    <ClCompile Include="12일차_0208.cpp">
      <Filter>소스 파일\예습2%2810~15일차%29</Filter>
    </ClCompile>
    <ClCompile Include="13일차_0208.cpp">
      <Filter>소스 파일\예습2%2810~15일차%29</Filter>
    </ClCompile>
    <ClCompile Include="day13_barn.cpp">
      <Filter>소스 파일\0208%2813일차%29</Filter>
    </ClCompile>
    <ClCompile Include="day13_moving_table.cpp">
      <Filter>소스 파일\0208%2813일차%29</Filter>
    </ClCompile>
    <ClCompile Include="day13_냉장고.cpp">
      <Filter>소스 파일\0208%2813일차%29</Filter>
    </ClCompile>
    <ClCompile Include="day13_1.cpp">
      <Filter>소스 파일\복습%2810~15일차%29</Filter>
    </ClCompile>
    <ClCompile Include="day13_2457%28다시%29.cpp">
      <Filter>소스 파일\복습%2810~15일차%29</Filter>
    </ClCompile>
    <ClCompile Include="day13_8980%28못품%29.cpp">
      <Filter>소스 파일\복습%2810~15일차%29</Filter>
    </ClCompile>
    <ClCompile Include="day13_8980(정답소스).cpp">
      <Filter>소스 파일\복습%2810~15일차%29</Filter>
    </ClCompile>
    <ClCompile Include="day12_ncross.cpp">
      <Filter>소스 파일\복습%2810~15일차%29</Filter>
    </ClCompile>
    <ClCompile Include="day14_미로탐색+역추적.cpp">
      <Filter>소스 파일\0210%2814일차%29</Filter>
    </ClCompile>
    <ClCompile Include="day14_촌수계산+역추적.cpp">
      <Filter>소스 파일\0210%2814일차%29</Filter>
    </ClCompile>
    <ClCompile Include="day14_2667.cpp">
      <Filter>소스 파일\복습%2810~15일차%29</Filter>
    </ClCompile>
    <ClCompile Include="day14_1.cpp">
      <Filter>소스 파일\복습%2810~15일차%29</Filter>
    </ClCompile>
    <ClCompile Include="0211%28총괄복습2%29.cpp">
      <Filter>소스 파일\주간복습용</Filter>
    </ClCompile>
    <ClCompile Include="day15_2470.cpp">
      <Filter>소스 파일\0213%2815일차%29</Filter>
    </ClCompile>
    <ClCompile Include="day15_촌수계산.cpp">
      <Filter>소스 파일\0213%2815일차%29</Filter>
    </ClCompile>
    <ClCompile Include="day15_1.cpp">
      <Filter>소스 파일\복습%2810~15일차%29</Filter>
    </ClCompile>
    <ClCompile Include="0214.cpp">
      <Filter>소스 파일\주간복습용</Filter>
    </ClCompile>
    <ClCompile Include="P1.cpp">
      <Filter>소스 파일\테스트</Filter>
    </ClCompile>
  </ItemGroup>
</Project>